
Microsoft Visual Studio Solution File, Format Version 12.00
# Visual Studio Version 16
VisualStudioVersion = 16.0.29025.244
MinimumVisualStudioVersion = 10.0.40219.1
Project("{FAE04EC0-301F-11D3-BF4B-00C04F79EFBC}") = "KySoADDJ", "KySoADDJ\KySoADDJ.csproj", "{FB965BFE-B926-423E-97AE-9AC6FF62A412}"
EndProject
Global
	GlobalSection(SolutionConfigurationPlatforms) = preSolution
		Debug|Any CPU = Debug|Any CPU
		Release|Any CPU = Release|Any CPU
	EndGlobalSection
	GlobalSection(ProjectConfigurationPlatforms) = postSolution
		{FB965BFE-B926-423E-97AE-9AC6FF62A412}.Debug|Any CPU.ActiveCfg = Debug|Any CPU
		{FB965BFE-B926-423E-97AE-9AC6FF62A412}.Debug|Any CPU.Build.0 = Debug|Any CPU
		{FB965BFE-B926-423E-97AE-9AC6FF62A412}.Release|Any CPU.ActiveCfg = Release|Any CPU
		{FB965BFE-B926-423E-97AE-9AC6FF62A412}.Release|Any CPU.Build.0 = Release|Any CPU
	EndGlobalSection
	GlobalSection(SolutionProperties) = preSolution
		HideSolutionNode = FALSE
	EndGlobalSection
	GlobalSection(ExtensibilityGlobals) = postSolution
		SolutionGuid = {2FD4DE55-9DB7-444A-8F32-5CAB9DE9B9CE}
	EndGlobalSection
EndGlobal
